// !$*UTF8*$!
{
	archiveVersion = 1;
	classes = {
	};
	objectVersion = 56;
	objects = {

/* Begin PBXBuildFile section */
		2A820A6B2B9B6E6700CFB080 /* BuildingATipJarApp.swift in Sources */ = {isa = PBXBuildFile; fileRef = 2A820A6A2B9B6E6700CFB080 /* BuildingATipJarApp.swift */; };
		2A820A6D2B9B6E6700CFB080 /* HomeView.swift in Sources */ = {isa = PBXBuildFile; fileRef = 2A820A6C2B9B6E6700CFB080 /* HomeView.swift */; };
		2A820A6F2B9B6E6900CFB080 /* Assets.xcassets in Resources */ = {isa = PBXBuildFile; fileRef = 2A820A6E2B9B6E6900CFB080 /* Assets.xcassets */; };
		2A820A732B9B6E6900CFB080 /* Preview Assets.xcassets in Resources */ = {isa = PBXBuildFile; fileRef = 2A820A722B9B6E6900CFB080 /* Preview Assets.xcassets */; };
		2A820A7D2B9B6F0500CFB080 /* TipsItemView.swift in Sources */ = {isa = PBXBuildFile; fileRef = 2A820A7A2B9B6F0500CFB080 /* TipsItemView.swift */; };
		2A820A7E2B9B6F0500CFB080 /* ThanksView.swift in Sources */ = {isa = PBXBuildFile; fileRef = 2A820A7B2B9B6F0500CFB080 /* ThanksView.swift */; };
		2A820A7F2B9B6F0500CFB080 /* TipsView.swift in Sources */ = {isa = PBXBuildFile; fileRef = 2A820A7C2B9B6F0500CFB080 /* TipsView.swift */; };
		2A820A822B9B704400CFB080 /* StoreKit.framework in Frameworks */ = {isa = PBXBuildFile; fileRef = 2A820A812B9B704400CFB080 /* StoreKit.framework */; };
		2A820A852B9B72AF00CFB080 /* TestView.swift in Sources */ = {isa = PBXBuildFile; fileRef = 2A820A842B9B72AF00CFB080 /* TestView.swift */; };
		2A820A872B9BA63D00CFB080 /* MyProductIdentifiers.swift in Sources */ = {isa = PBXBuildFile; fileRef = 2A820A862B9BA63D00CFB080 /* MyProductIdentifiers.swift */; };
		2A820A892B9BA70C00CFB080 /* TipStore.swift in Sources */ = {isa = PBXBuildFile; fileRef = 2A820A882B9BA70C00CFB080 /* TipStore.swift */; };
/* End PBXBuildFile section */

/* Begin PBXFileReference section */
		2A820A672B9B6E6700CFB080 /* BuildingATipJar.app */ = {isa = PBXFileReference; explicitFileType = wrapper.application; includeInIndex = 0; path = BuildingATipJar.app; sourceTree = BUILT_PRODUCTS_DIR; };
		2A820A6A2B9B6E6700CFB080 /* BuildingATipJarApp.swift */ = {isa = PBXFileReference; lastKnownFileType = sourcecode.swift; path = BuildingATipJarApp.swift; sourceTree = "<group>"; };
		2A820A6C2B9B6E6700CFB080 /* HomeView.swift */ = {isa = PBXFileReference; lastKnownFileType = sourcecode.swift; path = HomeView.swift; sourceTree = "<group>"; };
		2A820A6E2B9B6E6900CFB080 /* Assets.xcassets */ = {isa = PBXFileReference; lastKnownFileType = folder.assetcatalog; path = Assets.xcassets; sourceTree = "<group>"; };
		2A820A702B9B6E6900CFB080 /* BuildingATipJar.entitlements */ = {isa = PBXFileReference; lastKnownFileType = text.plist.entitlements; path = BuildingATipJar.entitlements; sourceTree = "<group>"; };
		2A820A722B9B6E6900CFB080 /* Preview Assets.xcassets */ = {isa = PBXFileReference; lastKnownFileType = folder.assetcatalog; path = "Preview Assets.xcassets"; sourceTree = "<group>"; };
		2A820A7A2B9B6F0500CFB080 /* TipsItemView.swift */ = {isa = PBXFileReference; fileEncoding = 4; lastKnownFileType = sourcecode.swift; path = TipsItemView.swift; sourceTree = "<group>"; };
		2A820A7B2B9B6F0500CFB080 /* ThanksView.swift */ = {isa = PBXFileReference; fileEncoding = 4; lastKnownFileType = sourcecode.swift; path = ThanksView.swift; sourceTree = "<group>"; };
		2A820A7C2B9B6F0500CFB080 /* TipsView.swift */ = {isa = PBXFileReference; fileEncoding = 4; lastKnownFileType = sourcecode.swift; path = TipsView.swift; sourceTree = "<group>"; };
		2A820A812B9B704400CFB080 /* StoreKit.framework */ = {isa = PBXFileReference; lastKnownFileType = wrapper.framework; name = StoreKit.framework; path = System/Library/Frameworks/StoreKit.framework; sourceTree = SDKROOT; };
		2A820A832B9B70BF00CFB080 /* MyTipsStoreKitConfiguration.storekit */ = {isa = PBXFileReference; lastKnownFileType = text; path = MyTipsStoreKitConfiguration.storekit; sourceTree = "<group>"; };
		2A820A842B9B72AF00CFB080 /* TestView.swift */ = {isa = PBXFileReference; lastKnownFileType = sourcecode.swift; path = TestView.swift; sourceTree = "<group>"; };
		2A820A862B9BA63D00CFB080 /* MyProductIdentifiers.swift */ = {isa = PBXFileReference; lastKnownFileType = sourcecode.swift; path = MyProductIdentifiers.swift; sourceTree = "<group>"; };
		2A820A882B9BA70C00CFB080 /* TipStore.swift */ = {isa = PBXFileReference; lastKnownFileType = sourcecode.swift; path = TipStore.swift; sourceTree = "<group>"; };
/* End PBXFileReference section */

/* Begin PBXFrameworksBuildPhase section */
		2A820A642B9B6E6700CFB080 /* Frameworks */ = {
			isa = PBXFrameworksBuildPhase;
			buildActionMask = 2147483647;
			files = (
				2A820A822B9B704400CFB080 /* StoreKit.framework in Frameworks */,
			);
			runOnlyForDeploymentPostprocessing = 0;
		};
/* End PBXFrameworksBuildPhase section */

/* Begin PBXGroup section */
		2A820A5E2B9B6E6700CFB080 = {
			isa = PBXGroup;
			children = (
				2A820A692B9B6E6700CFB080 /* BuildingATipJar */,
				2A820A682B9B6E6700CFB080 /* Products */,
				2A820A802B9B704400CFB080 /* Frameworks */,
			);
			sourceTree = "<group>";
		};
		2A820A682B9B6E6700CFB080 /* Products */ = {
			isa = PBXGroup;
			children = (
				2A820A672B9B6E6700CFB080 /* BuildingATipJar.app */,
			);
			name = Products;
			sourceTree = "<group>";
		};
		2A820A692B9B6E6700CFB080 /* BuildingATipJar */ = {
			isa = PBXGroup;
			children = (
				2A820A6A2B9B6E6700CFB080 /* BuildingATipJarApp.swift */,
				2A820A792B9B6EC900CFB080 /* Views */,
				2A820A6E2B9B6E6900CFB080 /* Assets.xcassets */,
				2A820A702B9B6E6900CFB080 /* BuildingATipJar.entitlements */,
				2A820A712B9B6E6900CFB080 /* Preview Content */,
				2A820A832B9B70BF00CFB080 /* MyTipsStoreKitConfiguration.storekit */,
				2A820A862B9BA63D00CFB080 /* MyProductIdentifiers.swift */,
				2A820A882B9BA70C00CFB080 /* TipStore.swift */,
			);
			path = BuildingATipJar;
			sourceTree = "<group>";
		};
		2A820A712B9B6E6900CFB080 /* Preview Content */ = {
			isa = PBXGroup;
			children = (
				2A820A722B9B6E6900CFB080 /* Preview Assets.xcassets */,
			);
			path = "Preview Content";
			sourceTree = "<group>";
		};
		2A820A792B9B6EC900CFB080 /* Views */ = {
			isa = PBXGroup;
			children = (
				2A820A6C2B9B6E6700CFB080 /* HomeView.swift */,
				2A820A7B2B9B6F0500CFB080 /* ThanksView.swift */,
				2A820A7A2B9B6F0500CFB080 /* TipsItemView.swift */,
				2A820A7C2B9B6F0500CFB080 /* TipsView.swift */,
				2A820A842B9B72AF00CFB080 /* TestView.swift */,
			);
			path = Views;
			sourceTree = "<group>";
		};
		2A820A802B9B704400CFB080 /* Frameworks */ = {
			isa = PBXGroup;
			children = (
				2A820A812B9B704400CFB080 /* StoreKit.framework */,
			);
			name = Frameworks;
			sourceTree = "<group>";
		};
/* End PBXGroup section */

/* Begin PBXNativeTarget section */
		2A820A662B9B6E6700CFB080 /* BuildingATipJar */ = {
			isa = PBXNativeTarget;
			buildConfigurationList = 2A820A762B9B6E6900CFB080 /* Build configuration list for PBXNativeTarget "BuildingATipJar" */;
			buildPhases = (
				2A820A632B9B6E6700CFB080 /* Sources */,
				2A820A642B9B6E6700CFB080 /* Frameworks */,
				2A820A652B9B6E6700CFB080 /* Resources */,
			);
			buildRules = (
			);
			dependencies = (
			);
			name = BuildingATipJar;
			productName = BuildingATipJar;
			productReference = 2A820A672B9B6E6700CFB080 /* BuildingATipJar.app */;
			productType = "com.apple.product-type.application";
		};
/* End PBXNativeTarget section */

/* Begin PBXProject section */
		2A820A5F2B9B6E6700CFB080 /* Project object */ = {
			isa = PBXProject;
			attributes = {
				BuildIndependentTargetsInParallel = 1;
				LastSwiftUpdateCheck = 1530;
				LastUpgradeCheck = 1530;
				TargetAttributes = {
					2A820A662B9B6E6700CFB080 = {
						CreatedOnToolsVersion = 15.3;
					};
				};
			};
			buildConfigurationList = 2A820A622B9B6E6700CFB080 /* Build configuration list for PBXProject "BuildingATipJar" */;
			compatibilityVersion = "Xcode 14.0";
			developmentRegion = en;
			hasScannedForEncodings = 0;
			knownRegions = (
				en,
				Base,
			);
			mainGroup = 2A820A5E2B9B6E6700CFB080;
			productRefGroup = 2A820A682B9B6E6700CFB080 /* Products */;
			projectDirPath = "";
			projectRoot = "";
			targets = (
				2A820A662B9B6E6700CFB080 /* BuildingATipJar */,
			);
		};
/* End PBXProject section */

/* Begin PBXResourcesBuildPhase section */
		2A820A652B9B6E6700CFB080 /* Resources */ = {
			isa = PBXResourcesBuildPhase;
			buildActionMask = 2147483647;
			files = (
				2A820A732B9B6E6900CFB080 /* Preview Assets.xcassets in Resources */,
				2A820A6F2B9B6E6900CFB080 /* Assets.xcassets in Resources */,
			);
			runOnlyForDeploymentPostprocessing = 0;
		};
/* End PBXResourcesBuildPhase section */

/* Begin PBXSourcesBuildPhase section */
		2A820A632B9B6E6700CFB080 /* Sources */ = {
			isa = PBXSourcesBuildPhase;
			buildActionMask = 2147483647;
			files = (
				2A820A852B9B72AF00CFB080 /* TestView.swift in Sources */,
				2A820A7F2B9B6F0500CFB080 /* TipsView.swift in Sources */,
				2A820A7D2B9B6F0500CFB080 /* TipsItemView.swift in Sources */,
				2A820A892B9BA70C00CFB080 /* TipStore.swift in Sources */,
				2A820A6D2B9B6E6700CFB080 /* HomeView.swift in Sources */,
				2A820A872B9BA63D00CFB080 /* MyProductIdentifiers.swift in Sources */,
				2A820A6B2B9B6E6700CFB080 /* BuildingATipJarApp.swift in Sources */,
				2A820A7E2B9B6F0500CFB080 /* ThanksView.swift in Sources */,
			);
			runOnlyForDeploymentPostprocessing = 0;
		};
/* End PBXSourcesBuildPhase section */

/* Begin XCBuildConfiguration section */
		2A820A742B9B6E6900CFB080 /* Debug */ = {
			isa = XCBuildConfiguration;
			buildSettings = {
				ALWAYS_SEARCH_USER_PATHS = NO;
				ASSETCATALOG_COMPILER_GENERATE_SWIFT_ASSET_SYMBOL_EXTENSIONS = YES;
				CLANG_ANALYZER_NONNULL = YES;
				CLANG_ANALYZER_NUMBER_OBJECT_CONVERSION = YES_AGGRESSIVE;
				CLANG_CXX_LANGUAGE_STANDARD = "gnu++20";
				CLANG_ENABLE_MODULES = YES;
				CLANG_ENABLE_OBJC_ARC = YES;
				CLANG_ENABLE_OBJC_WEAK = YES;
				CLANG_WARN_BLOCK_CAPTURE_AUTORELEASING = YES;
				CLANG_WARN_BOOL_CONVERSION = YES;
				CLANG_WARN_COMMA = YES;
				CLANG_WARN_CONSTANT_CONVERSION = YES;
				CLANG_WARN_DEPRECATED_OBJC_IMPLEMENTATIONS = YES;
				CLANG_WARN_DIRECT_OBJC_ISA_USAGE = YES_ERROR;
				CLANG_WARN_DOCUMENTATION_COMMENTS = YES;
				CLANG_WARN_EMPTY_BODY = YES;
				CLANG_WARN_ENUM_CONVERSION = YES;
				CLANG_WARN_INFINITE_RECURSION = YES;
				CLANG_WARN_INT_CONVERSION = YES;
				CLANG_WARN_NON_LITERAL_NULL_CONVERSION = YES;
				CLANG_WARN_OBJC_IMPLICIT_RETAIN_SELF = YES;
				CLANG_WARN_OBJC_LITERAL_CONVERSION = YES;
				CLANG_WARN_OBJC_ROOT_CLASS = YES_ERROR;
				CLANG_WARN_QUOTED_INCLUDE_IN_FRAMEWORK_HEADER = YES;
				CLANG_WARN_RANGE_LOOP_ANALYSIS = YES;
				CLANG_WARN_STRICT_PROTOTYPES = YES;
				CLANG_WARN_SUSPICIOUS_MOVE = YES;
				CLANG_WARN_UNGUARDED_AVAILABILITY = YES_AGGRESSIVE;
				CLANG_WARN_UNREACHABLE_CODE = YES;
				CLANG_WARN__DUPLICATE_METHOD_MATCH = YES;
				COPY_PHASE_STRIP = NO;
				DEBUG_INFORMATION_FORMAT = dwarf;
				ENABLE_STRICT_OBJC_MSGSEND = YES;
				ENABLE_TESTABILITY = YES;
				ENABLE_USER_SCRIPT_SANDBOXING = YES;
				GCC_C_LANGUAGE_STANDARD = gnu17;
				GCC_DYNAMIC_NO_PIC = NO;
				GCC_NO_COMMON_BLOCKS = YES;
				GCC_OPTIMIZATION_LEVEL = 0;
				GCC_PREPROCESSOR_DEFINITIONS = (
					"DEBUG=1",
					"$(inherited)",
				);
				GCC_WARN_64_TO_32_BIT_CONVERSION = YES;
				GCC_WARN_ABOUT_RETURN_TYPE = YES_ERROR;
				GCC_WARN_UNDECLARED_SELECTOR = YES;
				GCC_WARN_UNINITIALIZED_AUTOS = YES_AGGRESSIVE;
				GCC_WARN_UNUSED_FUNCTION = YES;
				GCC_WARN_UNUSED_VARIABLE = YES;
				LOCALIZATION_PREFERS_STRING_CATALOGS = YES;
				MTL_ENABLE_DEBUG_INFO = INCLUDE_SOURCE;
				MTL_FAST_MATH = YES;
				ONLY_ACTIVE_ARCH = YES;
				SWIFT_ACTIVE_COMPILATION_CONDITIONS = "DEBUG $(inherited)";
				SWIFT_OPTIMIZATION_LEVEL = "-Onone";
			};
			name = Debug;
		};
		2A820A752B9B6E6900CFB080 /* Release */ = {
			isa = XCBuildConfiguration;
			buildSettings = {
				ALWAYS_SEARCH_USER_PATHS = NO;
				ASSETCATALOG_COMPILER_GENERATE_SWIFT_ASSET_SYMBOL_EXTENSIONS = YES;
				CLANG_ANALYZER_NONNULL = YES;
				CLANG_ANALYZER_NUMBER_OBJECT_CONVERSION = YES_AGGRESSIVE;
				CLANG_CXX_LANGUAGE_STANDARD = "gnu++20";
				CLANG_ENABLE_MODULES = YES;
				CLANG_ENABLE_OBJC_ARC = YES;
				CLANG_ENABLE_OBJC_WEAK = YES;
				CLANG_WARN_BLOCK_CAPTURE_AUTORELEASING = YES;
				CLANG_WARN_BOOL_CONVERSION = YES;
				CLANG_WARN_COMMA = YES;
				CLANG_WARN_CONSTANT_CONVERSION = YES;
				CLANG_WARN_DEPRECATED_OBJC_IMPLEMENTATIONS = YES;
				CLANG_WARN_DIRECT_OBJC_ISA_USAGE = YES_ERROR;
				CLANG_WARN_DOCUMENTATION_COMMENTS = YES;
				CLANG_WARN_EMPTY_BODY = YES;
				CLANG_WARN_ENUM_CONVERSION = YES;
				CLANG_WARN_INFINITE_RECURSION = YES;
				CLANG_WARN_INT_CONVERSION = YES;
				CLANG_WARN_NON_LITERAL_NULL_CONVERSION = YES;
				CLANG_WARN_OBJC_IMPLICIT_RETAIN_SELF = YES;
				CLANG_WARN_OBJC_LITERAL_CONVERSION = YES;
				CLANG_WARN_OBJC_ROOT_CLASS = YES_ERROR;
				CLANG_WARN_QUOTED_INCLUDE_IN_FRAMEWORK_HEADER = YES;
				CLANG_WARN_RANGE_LOOP_ANALYSIS = YES;
				CLANG_WARN_STRICT_PROTOTYPES = YES;
				CLANG_WARN_SUSPICIOUS_MOVE = YES;
				CLANG_WARN_UNGUARDED_AVAILABILITY = YES_AGGRESSIVE;
				CLANG_WARN_UNREACHABLE_CODE = YES;
				CLANG_WARN__DUPLICATE_METHOD_MATCH = YES;
				COPY_PHASE_STRIP = NO;
				DEBUG_INFORMATION_FORMAT = "dwarf-with-dsym";
				ENABLE_NS_ASSERTIONS = NO;
				ENABLE_STRICT_OBJC_MSGSEND = YES;
				ENABLE_USER_SCRIPT_SANDBOXING = YES;
				GCC_C_LANGUAGE_STANDARD = gnu17;
				GCC_NO_COMMON_BLOCKS = YES;
				GCC_WARN_64_TO_32_BIT_CONVERSION = YES;
				GCC_WARN_ABOUT_RETURN_TYPE = YES_ERROR;
				GCC_WARN_UNDECLARED_SELECTOR = YES;
				GCC_WARN_UNINITIALIZED_AUTOS = YES_AGGRESSIVE;
				GCC_WARN_UNUSED_FUNCTION = YES;
				GCC_WARN_UNUSED_VARIABLE = YES;
				LOCALIZATION_PREFERS_STRING_CATALOGS = YES;
				MTL_ENABLE_DEBUG_INFO = NO;
				MTL_FAST_MATH = YES;
				SWIFT_COMPILATION_MODE = wholemodule;
			};
			name = Release;
		};
		2A820A772B9B6E6900CFB080 /* Debug */ = {
			isa = XCBuildConfiguration;
			buildSettings = {
				ASSETCATALOG_COMPILER_APPICON_NAME = AppIcon;
				ASSETCATALOG_COMPILER_GLOBAL_ACCENT_COLOR_NAME = AccentColor;
				CODE_SIGN_ENTITLEMENTS = BuildingATipJar/BuildingATipJar.entitlements;
				CODE_SIGN_STYLE = Automatic;
				CURRENT_PROJECT_VERSION = 1;
				DEVELOPMENT_ASSET_PATHS = "\"BuildingATipJar/Preview Content\"";
				DEVELOPMENT_TEAM = 476QK54UU2;
				ENABLE_HARDENED_RUNTIME = YES;
				ENABLE_PREVIEWS = YES;
				GENERATE_INFOPLIST_FILE = YES;
				"INFOPLIST_KEY_UIApplicationSceneManifest_Generation[sdk=iphoneos*]" = YES;
				"INFOPLIST_KEY_UIApplicationSceneManifest_Generation[sdk=iphonesimulator*]" = YES;
				"INFOPLIST_KEY_UIApplicationSupportsIndirectInputEvents[sdk=iphoneos*]" = YES;
				"INFOPLIST_KEY_UIApplicationSupportsIndirectInputEvents[sdk=iphonesimulator*]" = YES;
				"INFOPLIST_KEY_UILaunchScreen_Generation[sdk=iphoneos*]" = YES;
				"INFOPLIST_KEY_UILaunchScreen_Generation[sdk=iphonesimulator*]" = YES;
				"INFOPLIST_KEY_UIStatusBarStyle[sdk=iphoneos*]" = UIStatusBarStyleDefault;
				"INFOPLIST_KEY_UIStatusBarStyle[sdk=iphonesimulator*]" = UIStatusBarStyleDefault;
				INFOPLIST_KEY_UISupportedInterfaceOrientations_iPad = "UIInterfaceOrientationPortrait UIInterfaceOrientationPortraitUpsideDown UIInterfaceOrientationLandscapeLeft UIInterfaceOrientationLandscapeRight";
				INFOPLIST_KEY_UISupportedInterfaceOrientations_iPhone = "UIInterfaceOrientationPortrait UIInterfaceOrientationLandscapeLeft UIInterfaceOrientationLandscapeRight";
				IPHONEOS_DEPLOYMENT_TARGET = 17.4;
				LD_RUNPATH_SEARCH_PATHS = "@executable_path/Frameworks";
				"LD_RUNPATH_SEARCH_PATHS[sdk=macosx*]" = "@executable_path/../Frameworks";
				MACOSX_DEPLOYMENT_TARGET = 14.3;
				MARKETING_VERSION = 1.0;
				PRODUCT_BUNDLE_IDENTIFIER = "com.it-guy.BuildingATipJar";
				PRODUCT_NAME = "$(TARGET_NAME)";
				SDKROOT = auto;
				SUPPORTED_PLATFORMS = "iphoneos iphonesimulator macosx";
				SWIFT_EMIT_LOC_STRINGS = YES;
				SWIFT_VERSION = 5.0;
				TARGETED_DEVICE_FAMILY = "1,2";
			};
			name = Debug;
		};
		2A820A782B9B6E6900CFB080 /* Release */ = {
			isa = XCBuildConfiguration;
			buildSettings = {
				ASSETCATALOG_COMPILER_APPICON_NAME = AppIcon;
				ASSETCATALOG_COMPILER_GLOBAL_ACCENT_COLOR_NAME = AccentColor;
				CODE_SIGN_ENTITLEMENTS = BuildingATipJar/BuildingATipJar.entitlements;
				CODE_SIGN_STYLE = Automatic;
				CURRENT_PROJECT_VERSION = 1;
				DEVELOPMENT_ASSET_PATHS = "\"BuildingATipJar/Preview Content\"";
				DEVELOPMENT_TEAM = 476QK54UU2;
				ENABLE_HARDENED_RUNTIME = YES;
				ENABLE_PREVIEWS = YES;
				GENERATE_INFOPLIST_FILE = YES;
				"INFOPLIST_KEY_UIApplicationSceneManifest_Generation[sdk=iphoneos*]" = YES;
				"INFOPLIST_KEY_UIApplicationSceneManifest_Generation[sdk=iphonesimulator*]" = YES;
				"INFOPLIST_KEY_UIApplicationSupportsIndirectInputEvents[sdk=iphoneos*]" = YES;
				"INFOPLIST_KEY_UIApplicationSupportsIndirectInputEvents[sdk=iphonesimulator*]" = YES;
				"INFOPLIST_KEY_UILaunchScreen_Generation[sdk=iphoneos*]" = YES;
				"INFOPLIST_KEY_UILaunchScreen_Generation[sdk=iphonesimulator*]" = YES;
				"INFOPLIST_KEY_UIStatusBarStyle[sdk=iphoneos*]" = UIStatusBarStyleDefault;
				"INFOPLIST_KEY_UIStatusBarStyle[sdk=iphonesimulator*]" = UIStatusBarStyleDefault;
				INFOPLIST_KEY_UISupportedInterfaceOrientations_iPad = "UIInterfaceOrientationPortrait UIInterfaceOrientationPortraitUpsideDown UIInterfaceOrientationLandscapeLeft UIInterfaceOrientationLandscapeRight";
				INFOPLIST_KEY_UISupportedInterfaceOrientations_iPhone = "UIInterfaceOrientationPortrait UIInterfaceOrientationLandscapeLeft UIInterfaceOrientationLandscapeRight";
				IPHONEOS_DEPLOYMENT_TARGET = 17.4;
				LD_RUNPATH_SEARCH_PATHS = "@executable_path/Frameworks";
				"LD_RUNPATH_SEARCH_PATHS[sdk=macosx*]" = "@executable_path/../Frameworks";
				MACOSX_DEPLOYMENT_TARGET = 14.3;
				MARKETING_VERSION = 1.0;
				PRODUCT_BUNDLE_IDENTIFIER = "com.it-guy.BuildingATipJar";
				PRODUCT_NAME = "$(TARGET_NAME)";
				SDKROOT = auto;
				SUPPORTED_PLATFORMS = "iphoneos iphonesimulator macosx";
				SWIFT_EMIT_LOC_STRINGS = YES;
				SWIFT_VERSION = 5.0;
				TARGETED_DEVICE_FAMILY = "1,2";
			};
			name = Release;
		};
/* End XCBuildConfiguration section */

/* Begin XCConfigurationList section */
		2A820A622B9B6E6700CFB080 /* Build configuration list for PBXProject "BuildingATipJar" */ = {
			isa = XCConfigurationList;
			buildConfigurations = (
				2A820A742B9B6E6900CFB080 /* Debug */,
				2A820A752B9B6E6900CFB080 /* Release */,
			);
			defaultConfigurationIsVisible = 0;
			defaultConfigurationName = Release;
		};
		2A820A762B9B6E6900CFB080 /* Build configuration list for PBXNativeTarget "BuildingATipJar" */ = {
			isa = XCConfigurationList;
			buildConfigurations = (
				2A820A772B9B6E6900CFB080 /* Debug */,
				2A820A782B9B6E6900CFB080 /* Release */,
			);
			defaultConfigurationIsVisible = 0;
			defaultConfigurationName = Release;
		};
/* End XCConfigurationList section */
	};
	rootObject = 2A820A5F2B9B6E6700CFB080 /* Project object */;
}
